PODS:
  - Alamofire (4.8.2)
  - AlamofireImage (3.5.2):
    - Alamofire (~> 4.8)
  - MXSegmentedControl (1.0.0)
  - TTGSnackbar (1.8.0)
  - YoutubeDirectLinkExtractor (0.2.0)

DEPENDENCIES:
  - Alamofire
  - AlamofireImage (~> 3.5)
  - MXSegmentedControl
  - TTGSnackbar
  - YoutubeDirectLinkExtractor

SPEC REPOS:
  https://github.com/cocoapods/specs.git:
    - Alamofire
    - AlamofireImage
    - MXSegmentedControl
    - TTGSnackbar
    - YoutubeDirectLinkExtractor

SPEC CHECKSUMS:
  Alamofire: ae5c501addb7afdbb13687d7f2f722c78734c2d3
  AlamofireImage: 63cfe3baf1370be6c498149687cf6db3e3b00999
  MXSegmentedControl: 41e747fc7576b075a8f5d811223478207cbebb77
  TTGSnackbar: 7edc064c82a916f9f3c4db1ec64eac44143434da
  YoutubeDirectLinkExtractor: 068b6a09d64551cb7cec966179d7f5f5824cd2db

PODFILE CHECKSUM: 4a73ae1694663ecb8ad213f23066eb2261b14f5e

COCOAPODS: 1.5.3
